
Microsoft Visual Studio Solution File, Format Version 12.00
# Visual Studio Version 17
VisualStudioVersion = 17.6.33829.357
MinimumVisualStudioVersion = 10.0.40219.1
Project("{9A19103F-16F7-4668-BE54-9A1E7A4F7556}") = "BookStoreApp.API", "BookStoreApp.API\BookStoreApp.API.csproj", "{062A09FD-0CCB-4B78-BB80-8F17C2BD61B3}"
EndProject
Project("{9A19103F-16F7-4668-BE54-9A1E7A4F7556}") = "BookStoreApp.Blazor.Server.UI", "BookStoreApp.Blazor.Server.UI\BookStoreApp.Blazor.Server.UI.csproj", "{5C6C5DB9-8FF5-4C17-87E4-AD55FC96195E}"
EndProject
Project("{FAE04EC0-301F-11D3-BF4B-00C04F79EFBC}") = "BookStoreApp.Blazor.WebAssembly.UI", "BookStoreApp.Blazor.WebAssembly.UI\BookStoreApp.Blazor.WebAssembly.UI.csproj", "{EF9F4CC4-AE53-4FE8-A8CF-5540D5E4F808}"
EndProject
Global
	GlobalSection(SolutionConfigurationPlatforms) = preSolution
		Debug|Any CPU = Debug|Any CPU
		Release|Any CPU = Release|Any CPU
	EndGlobalSection
	GlobalSection(ProjectConfigurationPlatforms) = postSolution
		{062A09FD-0CCB-4B78-BB80-8F17C2BD61B3}.Debug|Any CPU.ActiveCfg = Debug|Any CPU
		{062A09FD-0CCB-4B78-BB80-8F17C2BD61B3}.Debug|Any CPU.Build.0 = Debug|Any CPU
		{062A09FD-0CCB-4B78-BB80-8F17C2BD61B3}.Release|Any CPU.ActiveCfg = Release|Any CPU
		{062A09FD-0CCB-4B78-BB80-8F17C2BD61B3}.Release|Any CPU.Build.0 = Release|Any CPU
		{5C6C5DB9-8FF5-4C17-87E4-AD55FC96195E}.Debug|Any CPU.ActiveCfg = Debug|Any CPU
		{5C6C5DB9-8FF5-4C17-87E4-AD55FC96195E}.Debug|Any CPU.Build.0 = Debug|Any CPU
		{5C6C5DB9-8FF5-4C17-87E4-AD55FC96195E}.Release|Any CPU.ActiveCfg = Release|Any CPU
		{5C6C5DB9-8FF5-4C17-87E4-AD55FC96195E}.Release|Any CPU.Build.0 = Release|Any CPU
		{EF9F4CC4-AE53-4FE8-A8CF-5540D5E4F808}.Debug|Any CPU.ActiveCfg = Debug|Any CPU
		{EF9F4CC4-AE53-4FE8-A8CF-5540D5E4F808}.Debug|Any CPU.Build.0 = Debug|Any CPU
		{EF9F4CC4-AE53-4FE8-A8CF-5540D5E4F808}.Release|Any CPU.ActiveCfg = Release|Any CPU
		{EF9F4CC4-AE53-4FE8-A8CF-5540D5E4F808}.Release|Any CPU.Build.0 = Release|Any CPU
	EndGlobalSection
	GlobalSection(SolutionProperties) = preSolution
		HideSolutionNode = FALSE
	EndGlobalSection
	GlobalSection(ExtensibilityGlobals) = postSolution
		SolutionGuid = {62716A45-F039-463B-9994-DF1D750238BD}
	EndGlobalSection
EndGlobal
